
Microsoft Visual Studio Solution File, Format Version 12.00
# Visual Studio Version 17
VisualStudioVersion = 17.7.34009.444
MinimumVisualStudioVersion = 10.0.40219.1
Project("{FAE04EC0-301F-11D3-BF4B-00C04F79EFBC}") = "StoreWebApi", "StoreWebApi\StoreWebApi.csproj", "{C2346D0A-AF74-49B7-88AC-61CCE0F1D004}"
EndProject
Global
	GlobalSection(SolutionConfigurationPlatforms) = preSolution
		Debug|Any CPU = Debug|Any CPU
		Release|Any CPU = Release|Any CPU
	EndGlobalSection
	GlobalSection(ProjectConfigurationPlatforms) = postSolution
		{C2346D0A-AF74-49B7-88AC-61CCE0F1D004}.Debug|Any CPU.ActiveCfg = Debug|Any CPU
		{C2346D0A-AF74-49B7-88AC-61CCE0F1D004}.Debug|Any CPU.Build.0 = Debug|Any CPU
		{C2346D0A-AF74-49B7-88AC-61CCE0F1D004}.Release|Any CPU.ActiveCfg = Release|Any CPU
		{C2346D0A-AF74-49B7-88AC-61CCE0F1D004}.Release|Any CPU.Build.0 = Release|Any CPU
	EndGlobalSection
	GlobalSection(SolutionProperties) = preSolution
		HideSolutionNode = FALSE
	EndGlobalSection
	GlobalSection(ExtensibilityGlobals) = postSolution
		SolutionGuid = {65C3700C-F531-4693-8530-987964A4AC2E}
	EndGlobalSection
EndGlobal
